
Microsoft Visual Studio Solution File, Format Version 12.00
# Visual Studio 2012
Project("{FAE04EC0-301F-11D3-BF4B-00C04F79EFBC}") = "HtmlAgilityPack", "HtmlAgilityPack\HtmlAgilityPack.csproj", "{193BB801-054F-4729-9D5D-FCE1E32594BF}"
EndProject
Project("{FAE04EC0-301F-11D3-BF4B-00C04F79EFBC}") = "HtmlAgilityPack.4.0", "HtmlAgilityPack\HtmlAgilityPack.4.0.csproj", "{1028002A-BBE2-4FF2-94B7-A8368A8F6887}"
EndProject
Project("{FAE04EC0-301F-11D3-BF4B-00C04F79EFBC}") = "HAPPhone.7.1", "HAPPhone.7.1\HAPPhone.7.1.csproj", "{3DA565DD-55B2-422B-B2AB-64E35F926E93}"
EndProject
Project("{FAE04EC0-301F-11D3-BF4B-00C04F79EFBC}") = "HAPLight", "HAPLight\HAPLight.csproj", "{5C9BCD7F-531E-4353-B430-C00381B55D29}"
EndProject
Project("{FAE04EC0-301F-11D3-BF4B-00C04F79EFBC}") = "HAPLight.5.0", "HAPLight\HAPLight.5.0.csproj", "{583C56E1-C46A-43AD-BB37-DE2209432126}"
EndProject
Project("{FAE04EC0-301F-11D3-BF4B-00C04F79EFBC}") = "HtmlAgilityPack.4.5", "HtmlAgilityPack\HtmlAgilityPack.4.5.csproj", "{180296FE-9624-4685-A596-3F092D8D2B20}"
EndProject
Project("{FAE04EC0-301F-11D3-BF4B-00C04F79EFBC}") = "HtmlAgilityPack.Tests", "HtmlAgilityPack.Tests\HtmlAgilityPack.Tests.csproj", "{AD049DC9-C2CA-4D87-AAD4-875C004C0EC5}"
EndProject
Project("{FAE04EC0-301F-11D3-BF4B-00C04F79EFBC}") = "HtmlAgilityPack.Tests-4.5", "HtmlAgilityPack.Tests\HtmlAgilityPack.Tests-4.5.csproj", "{9CDF723E-0867-4455-88A5-15963F154580}"
EndProject
Project("{FAE04EC0-301F-11D3-BF4B-00C04F79EFBC}") = "HtmlAgilityPack.Tests-4.0", "HtmlAgilityPack.Tests\HtmlAgilityPack.Tests-4.0.csproj", "{3418C50D-CECE-417A-8E02-27A8C92B9D20}"
EndProject
Project("{2150E333-8FDC-42A3-9474-1A3956D46DE8}") = "Tests", "Tests", "{209C6F51-CFC7-44B1-83CC-32E62A7CA20C}"
EndProject
Project("{2150E333-8FDC-42A3-9474-1A3956D46DE8}") = ".nuget", ".nuget", "{9967D4CD-9352-45C4-BB35-4EF2D4377AA6}"
	ProjectSection(SolutionItems) = preProject
		.nuget\NuGet.Config = .nuget\NuGet.Config
		.nuget\nuget.exe = .nuget\nuget.exe
		.nuget\NuGet.targets = .nuget\NuGet.targets
	EndProjectSection
EndProject
Global
	GlobalSection(SolutionConfigurationPlatforms) = preSolution
		Debug|Any CPU = Debug|Any CPU
		Release|Any CPU = Release|Any CPU
	EndGlobalSection
	GlobalSection(ProjectConfigurationPlatforms) = postSolution
		{193BB801-054F-4729-9D5D-FCE1E32594BF}.Debug|Any CPU.ActiveCfg = Debug|Any CPU
		{193BB801-054F-4729-9D5D-FCE1E32594BF}.Debug|Any CPU.Build.0 = Debug|Any CPU
		{193BB801-054F-4729-9D5D-FCE1E32594BF}.Release|Any CPU.ActiveCfg = Release|Any CPU
		{193BB801-054F-4729-9D5D-FCE1E32594BF}.Release|Any CPU.Build.0 = Release|Any CPU
		{1028002A-BBE2-4FF2-94B7-A8368A8F6887}.Debug|Any CPU.ActiveCfg = Debug|Any CPU
		{1028002A-BBE2-4FF2-94B7-A8368A8F6887}.Debug|Any CPU.Build.0 = Debug|Any CPU
		{1028002A-BBE2-4FF2-94B7-A8368A8F6887}.Release|Any CPU.ActiveCfg = Release|Any CPU
		{1028002A-BBE2-4FF2-94B7-A8368A8F6887}.Release|Any CPU.Build.0 = Release|Any CPU
		{3DA565DD-55B2-422B-B2AB-64E35F926E93}.Debug|Any CPU.ActiveCfg = Debug|Any CPU
		{3DA565DD-55B2-422B-B2AB-64E35F926E93}.Debug|Any CPU.Build.0 = Debug|Any CPU
		{3DA565DD-55B2-422B-B2AB-64E35F926E93}.Release|Any CPU.ActiveCfg = Release|Any CPU
		{3DA565DD-55B2-422B-B2AB-64E35F926E93}.Release|Any CPU.Build.0 = Release|Any CPU
		{5C9BCD7F-531E-4353-B430-C00381B55D29}.Debug|Any CPU.ActiveCfg = Debug|Any CPU
		{5C9BCD7F-531E-4353-B430-C00381B55D29}.Debug|Any CPU.Build.0 = Debug|Any CPU
		{5C9BCD7F-531E-4353-B430-C00381B55D29}.Release|Any CPU.ActiveCfg = Release|Any CPU
		{5C9BCD7F-531E-4353-B430-C00381B55D29}.Release|Any CPU.Build.0 = Release|Any CPU
		{583C56E1-C46A-43AD-BB37-DE2209432126}.Debug|Any CPU.ActiveCfg = Debug|Any CPU
		{583C56E1-C46A-43AD-BB37-DE2209432126}.Debug|Any CPU.Build.0 = Debug|Any CPU
		{583C56E1-C46A-43AD-BB37-DE2209432126}.Release|Any CPU.ActiveCfg = Release|Any CPU
		{583C56E1-C46A-43AD-BB37-DE2209432126}.Release|Any CPU.Build.0 = Release|Any CPU
		{180296FE-9624-4685-A596-3F092D8D2B20}.Debug|Any CPU.ActiveCfg = Debug|Any CPU
		{180296FE-9624-4685-A596-3F092D8D2B20}.Debug|Any CPU.Build.0 = Debug|Any CPU
		{180296FE-9624-4685-A596-3F092D8D2B20}.Release|Any CPU.ActiveCfg = Release|Any CPU
		{180296FE-9624-4685-A596-3F092D8D2B20}.Release|Any CPU.Build.0 = Release|Any CPU
		{AD049DC9-C2CA-4D87-AAD4-875C004C0EC5}.Debug|Any CPU.ActiveCfg = Debug|Any CPU
		{AD049DC9-C2CA-4D87-AAD4-875C004C0EC5}.Debug|Any CPU.Build.0 = Debug|Any CPU
		{AD049DC9-C2CA-4D87-AAD4-875C004C0EC5}.Release|Any CPU.ActiveCfg = Release|Any CPU
		{AD049DC9-C2CA-4D87-AAD4-875C004C0EC5}.Release|Any CPU.Build.0 = Release|Any CPU
		{9CDF723E-0867-4455-88A5-15963F154580}.Debug|Any CPU.ActiveCfg = Debug|Any CPU
		{9CDF723E-0867-4455-88A5-15963F154580}.Debug|Any CPU.Build.0 = Debug|Any CPU
		{9CDF723E-0867-4455-88A5-15963F154580}.Release|Any CPU.ActiveCfg = Release|Any CPU
		{9CDF723E-0867-4455-88A5-15963F154580}.Release|Any CPU.Build.0 = Release|Any CPU
		{3418C50D-CECE-417A-8E02-27A8C92B9D20}.Debug|Any CPU.ActiveCfg = Debug|Any CPU
		{3418C50D-CECE-417A-8E02-27A8C92B9D20}.Debug|Any CPU.Build.0 = Debug|Any CPU
		{3418C50D-CECE-417A-8E02-27A8C92B9D20}.Release|Any CPU.ActiveCfg = Release|Any CPU
		{3418C50D-CECE-417A-8E02-27A8C92B9D20}.Release|Any CPU.Build.0 = Release|Any CPU
	EndGlobalSection
	GlobalSection(SolutionProperties) = preSolution
		HideSolutionNode = FALSE
	EndGlobalSection
	GlobalSection(NestedProjects) = preSolution
		{AD049DC9-C2CA-4D87-AAD4-875C004C0EC5} = {209C6F51-CFC7-44B1-83CC-32E62A7CA20C}
		{3418C50D-CECE-417A-8E02-27A8C92B9D20} = {209C6F51-CFC7-44B1-83CC-32E62A7CA20C}
		{9CDF723E-0867-4455-88A5-15963F154580} = {209C6F51-CFC7-44B1-83CC-32E62A7CA20C}
	EndGlobalSection
EndGlobal
